
Microsoft Visual Studio Solution File, Format Version 12.00
# Visual Studio Version 16
VisualStudioVersion = 16.0.30523.141
MinimumVisualStudioVersion = 10.0.40219.1
Project("{D2ABAB84-BF74-430A-B69E-9DC6D40DDA17}") = "Invoices1729_dev", "Invoices1729_dev.dwproj", "{F720140D-CECC-449A-BD11-1B55EB03BE4B}"
EndProject
Global
	GlobalSection(SolutionConfigurationPlatforms) = preSolution
		Development|Default = Development|Default
	EndGlobalSection
	GlobalSection(ProjectConfigurationPlatforms) = postSolution
		{F720140D-CECC-449A-BD11-1B55EB03BE4B}.Development|Default.ActiveCfg = Development
		{F720140D-CECC-449A-BD11-1B55EB03BE4B}.Development|Default.Build.0 = Development
		{F720140D-CECC-449A-BD11-1B55EB03BE4B}.Development|Default.Deploy.0 = Development
	EndGlobalSection
	GlobalSection(SolutionProperties) = preSolution
		HideSolutionNode = FALSE
	EndGlobalSection
	GlobalSection(ExtensibilityGlobals) = postSolution
		SolutionGuid = {F345473C-337F-4CA8-8AA6-3BE8F705276F}
	EndGlobalSection
EndGlobal
